# THIS IS AN AUTOGENERATED FILE. DO NOT EDIT THIS FILE DIRECTLY.
# yarn lockfile v1


"@esbuild/aix-ppc64@0.21.5":
  version "0.21.5"
  resolved "https://registry.yarnpkg.com/@esbuild/aix-ppc64/-/aix-ppc64-0.21.5.tgz#c7184a326533fcdf1b8ee0733e21c713b975575f"
  integrity sha512-1SDgH6ZSPTlggy1yI6+Dbkiz8xzpHJEVAlF/AM1tHPLsf5STom9rwtjE4hKAF20FfXXNTFqEYXyJNWh1GiZedQ==

"@esbuild/android-arm64@0.21.5":
  version "0.21.5"
  resolved "https://registry.yarnpkg.com/@esbuild/android-arm64/-/android-arm64-0.21.5.tgz#09d9b4357780da9ea3a7dfb833a1f1ff439b4052"
  integrity sha512-c0uX9VAUBQ7dTDCjq+wdyGLowMdtR/GoC2U5IYk/7D1H1JYC0qseD7+11iMP2mRLN9RcCMRcjC4YMclCzGwS/A==

"@esbuild/android-arm@0.21.5":
  version "0.21.5"
  resolved "https://registry.yarnpkg.com/@esbuild/android-arm/-/android-arm-0.21.5.tgz#9b04384fb771926dfa6d7ad04324ecb2ab9b2e28"
  integrity sha512-vCPvzSjpPHEi1siZdlvAlsPxXl7WbOVUBBAowWug4rJHb68Ox8KualB+1ocNvT5fjv6wpkX6o/iEpbDrf68zcg==

"@esbuild/android-x64@0.21.5":
  version "0.21.5"
  resolved "https://registry.yarnpkg.com/@esbuild/android-x64/-/android-x64-0.21.5.tgz#29918ec2db754cedcb6c1b04de8cd6547af6461e"
  integrity sha512-D7aPRUUNHRBwHxzxRvp856rjUHRFW1SdQATKXH2hqA0kAZb1hKmi02OpYRacl0TxIGz/ZmXWlbZgjwWYaCakTA==

"@esbuild/darwin-arm64@0.21.5":
  version "0.21.5"
  resolved "https://registry.yarnpkg.com/@esbuild/darwin-arm64/-/darwin-arm64-0.21.5.tgz#e495b539660e51690f3928af50a76fb0a6ccff2a"
  integrity sha512-DwqXqZyuk5AiWWf3UfLiRDJ5EDd49zg6O9wclZ7kUMv2WRFr4HKjXp/5t8JZ11QbQfUS6/cRCKGwYhtNAY88kQ==

"@esbuild/darwin-x64@0.21.5":
  version "0.21.5"
  resolved "https://registry.yarnpkg.com/@esbuild/darwin-x64/-/darwin-x64-0.21.5.tgz#c13838fa57372839abdddc91d71542ceea2e1e22"
  integrity sha512-se/JjF8NlmKVG4kNIuyWMV/22ZaerB+qaSi5MdrXtd6R08kvs2qCN4C09miupktDitvh8jRFflwGFBQcxZRjbw==

"@esbuild/freebsd-arm64@0.21.5":
  version "0.21.5"
  resolved "https://registry.yarnpkg.com/@esbuild/freebsd-arm64/-/freebsd-arm64-0.21.5.tgz#646b989aa20bf89fd071dd5dbfad69a3542e550e"
  integrity sha512-5JcRxxRDUJLX8JXp/wcBCy3pENnCgBR9bN6JsY4OmhfUtIHe3ZW0mawA7+RDAcMLrMIZaf03NlQiX9DGyB8h4g==

"@esbuild/freebsd-x64@0.21.5":
  version "0.21.5"
  resolved "https://registry.yarnpkg.com/@esbuild/freebsd-x64/-/freebsd-x64-0.21.5.tgz#aa615cfc80af954d3458906e38ca22c18cf5c261"
  integrity sha512-J95kNBj1zkbMXtHVH29bBriQygMXqoVQOQYA+ISs0/2l3T9/kj42ow2mpqerRBxDJnmkUDCaQT/dfNXWX/ZZCQ==

"@esbuild/linux-arm64@0.21.5":
  version "0.21.5"
  resolved "https://registry.yarnpkg.com/@esbuild/linux-arm64/-/linux-arm64-0.21.5.tgz#70ac6fa14f5cb7e1f7f887bcffb680ad09922b5b"
  integrity sha512-ibKvmyYzKsBeX8d8I7MH/TMfWDXBF3db4qM6sy+7re0YXya+K1cem3on9XgdT2EQGMu4hQyZhan7TeQ8XkGp4Q==

"@esbuild/linux-arm@0.21.5":
  version "0.21.5"
  resolved "https://registry.yarnpkg.com/@esbuild/linux-arm/-/linux-arm-0.21.5.tgz#fc6fd11a8aca56c1f6f3894f2bea0479f8f626b9"
  integrity sha512-bPb5AHZtbeNGjCKVZ9UGqGwo8EUu4cLq68E95A53KlxAPRmUyYv2D6F0uUI65XisGOL1hBP5mTronbgo+0bFcA==

"@esbuild/linux-ia32@0.21.5":
  version "0.21.5"
  resolved "https://registry.yarnpkg.com/@esbuild/linux-ia32/-/linux-ia32-0.21.5.tgz#3271f53b3f93e3d093d518d1649d6d68d346ede2"
  integrity sha512-YvjXDqLRqPDl2dvRODYmmhz4rPeVKYvppfGYKSNGdyZkA01046pLWyRKKI3ax8fbJoK5QbxblURkwK/MWY18Tg==

"@esbuild/linux-loong64@0.21.5":
  version "0.21.5"
  resolved "https://registry.yarnpkg.com/@esbuild/linux-loong64/-/linux-loong64-0.21.5.tgz#ed62e04238c57026aea831c5a130b73c0f9f26df"
  integrity sha512-uHf1BmMG8qEvzdrzAqg2SIG/02+4/DHB6a9Kbya0XDvwDEKCoC8ZRWI5JJvNdUjtciBGFQ5PuBlpEOXQj+JQSg==

"@esbuild/linux-mips64el@0.21.5":
  version "0.21.5"
  resolved "https://registry.yarnpkg.com/@esbuild/linux-mips64el/-/linux-mips64el-0.21.5.tgz#e79b8eb48bf3b106fadec1ac8240fb97b4e64cbe"
  integrity sha512-IajOmO+KJK23bj52dFSNCMsz1QP1DqM6cwLUv3W1QwyxkyIWecfafnI555fvSGqEKwjMXVLokcV5ygHW5b3Jbg==

"@esbuild/linux-ppc64@0.21.5":
  version "0.21.5"
  resolved "https://registry.yarnpkg.com/@esbuild/linux-ppc64/-/linux-ppc64-0.21.5.tgz#5f2203860a143b9919d383ef7573521fb154c3e4"
  integrity sha512-1hHV/Z4OEfMwpLO8rp7CvlhBDnjsC3CttJXIhBi+5Aj5r+MBvy4egg7wCbe//hSsT+RvDAG7s81tAvpL2XAE4w==

"@esbuild/linux-riscv64@0.21.5":
  version "0.21.5"
  resolved "https://registry.yarnpkg.com/@esbuild/linux-riscv64/-/linux-riscv64-0.21.5.tgz#07bcafd99322d5af62f618cb9e6a9b7f4bb825dc"
  integrity sha512-2HdXDMd9GMgTGrPWnJzP2ALSokE/0O5HhTUvWIbD3YdjME8JwvSCnNGBnTThKGEB91OZhzrJ4qIIxk/SBmyDDA==

"@esbuild/linux-s390x@0.21.5":
  version "0.21.5"
  resolved "https://registry.yarnpkg.com/@esbuild/linux-s390x/-/linux-s390x-0.21.5.tgz#b7ccf686751d6a3e44b8627ababc8be3ef62d8de"
  integrity sha512-zus5sxzqBJD3eXxwvjN1yQkRepANgxE9lgOW2qLnmr8ikMTphkjgXu1HR01K4FJg8h1kEEDAqDcZQtbrRnB41A==

"@esbuild/linux-x64@0.21.5":
  version "0.21.5"
  resolved "https://registry.yarnpkg.com/@esbuild/linux-x64/-/linux-x64-0.21.5.tgz#6d8f0c768e070e64309af8004bb94e68ab2bb3b0"
  integrity sha512-1rYdTpyv03iycF1+BhzrzQJCdOuAOtaqHTWJZCWvijKD2N5Xu0TtVC8/+1faWqcP9iBCWOmjmhoH94dH82BxPQ==

"@esbuild/netbsd-x64@0.21.5":
  version "0.21.5"
  resolved "https://registry.yarnpkg.com/@esbuild/netbsd-x64/-/netbsd-x64-0.21.5.tgz#bbe430f60d378ecb88decb219c602667387a6047"
  integrity sha512-Woi2MXzXjMULccIwMnLciyZH4nCIMpWQAs049KEeMvOcNADVxo0UBIQPfSmxB3CWKedngg7sWZdLvLczpe0tLg==

"@esbuild/openbsd-x64@0.21.5":
  version "0.21.5"
  resolved "https://registry.yarnpkg.com/@esbuild/openbsd-x64/-/openbsd-x64-0.21.5.tgz#99d1cf2937279560d2104821f5ccce220cb2af70"
  integrity sha512-HLNNw99xsvx12lFBUwoT8EVCsSvRNDVxNpjZ7bPn947b8gJPzeHWyNVhFsaerc0n3TsbOINvRP2byTZ5LKezow==

"@esbuild/sunos-x64@0.21.5":
  version "0.21.5"
  resolved "https://registry.yarnpkg.com/@esbuild/sunos-x64/-/sunos-x64-0.21.5.tgz#08741512c10d529566baba837b4fe052c8f3487b"
  integrity sha512-6+gjmFpfy0BHU5Tpptkuh8+uw3mnrvgs+dSPQXQOv3ekbordwnzTVEb4qnIvQcYXq6gzkyTnoZ9dZG+D4garKg==

"@esbuild/win32-arm64@0.21.5":
  version "0.21.5"
  resolved "https://registry.yarnpkg.com/@esbuild/win32-arm64/-/win32-arm64-0.21.5.tgz#675b7385398411240735016144ab2e99a60fc75d"
  integrity sha512-Z0gOTd75VvXqyq7nsl93zwahcTROgqvuAcYDUr+vOv8uHhNSKROyU961kgtCD1e95IqPKSQKH7tBTslnS3tA8A==

"@esbuild/win32-ia32@0.21.5":
  version "0.21.5"
  resolved "https://registry.yarnpkg.com/@esbuild/win32-ia32/-/win32-ia32-0.21.5.tgz#1bfc3ce98aa6ca9a0969e4d2af72144c59c1193b"
  integrity sha512-SWXFF1CL2RVNMaVs+BBClwtfZSvDgtL//G/smwAc5oVK/UPu2Gu9tIaRgFmYFFKrmg3SyAjSrElf0TiJ1v8fYA==

"@esbuild/win32-x64@0.21.5":
  version "0.21.5"
  resolved "https://registry.yarnpkg.com/@esbuild/win32-x64/-/win32-x64-0.21.5.tgz#acad351d582d157bb145535db2a6ff53dd514b5c"
  integrity sha512-tQd/1efJuzPC6rCFwEvLtci/xNFcTZknmXs98FYDfGE4wP9ClFV98nyKrzJKVPMhdDnjzLhdUyMX4PsQAPjwIw==

"@rollup/rollup-android-arm-eabi@4.61.0":
  version "4.61.0"
  resolved "https://registry.yarnpkg.com/@rollup/rollup-android-arm-eabi/-/rollup-android-arm-eabi-4.61.0.tgz#ed752e9e43df342fd92622887504a602b4fd7ae5"
  integrity sha512-dnxczajOqt0gesZlN5pGQ1s1imQVrsmCw5G2Ci4oM+0WvNz3pyRnlWrT7McoZIb8VlFwCawdmbWRmxRn7HI+VQ==

"@rollup/rollup-android-arm64@4.61.0":
  version "4.61.0"
  resolved "https://registry.yarnpkg.com/@rollup/rollup-android-arm64/-/rollup-android-arm64-4.61.0.tgz#d6633e72089db2d78e4381fe6d6c305d5d94231c"
  integrity sha512-Bp3JpGP00Vu3f238ivRrjf7z3xSzVPXqCmaJYA9t2c+c8vKYvOzmXF7LkkeUalTEGd6cZcSWe+PFIP3Vy48fRg==

"@rollup/rollup-darwin-arm64@4.61.0":
  version "4.61.0"
  resolved "https://registry.yarnpkg.com/@rollup/rollup-darwin-arm64/-/rollup-darwin-arm64-4.61.0.tgz#66cde30c6a1b96726ce696b78c5199fb80c0f3a4"
  integrity sha512-zaYIpr670mUmmZ1tVzUFplbQbG7h3Gugx3L5FoqhsC2m/YnLlR1a7zVLmXNPy+iY1tFPEbNG+HHBXZGyId0G5w==

"@rollup/rollup-darwin-x64@4.61.0":
  version "4.61.0"
  resolved "https://registry.yarnpkg.com/@rollup/rollup-darwin-x64/-/rollup-darwin-x64-4.61.0.tgz#6f7faec49f7a08fa730fb4f0f5b2fd90abc41116"
  integrity sha512-+P49fvkv2dSoeevUW+lgZ/I2JHSsJCK1Lyjj7Cu6E4UHG4tS9XIefzIjo5qhgELjAclnen1rLzK2PMKJdo+Dyg==

"@rollup/rollup-freebsd-arm64@4.61.0":
  version "4.61.0"
  resolved "https://registry.yarnpkg.com/@rollup/rollup-freebsd-arm64/-/rollup-freebsd-arm64-4.61.0.tgz#32e9da0aeffc41933764d61b89ddd22990d6542d"
  integrity sha512-l3FAAOyKJXH2ea6KNFN+MMgC/rnE94YGLXs2ehYqDcCoHt1DpvgWX75BhUJxN38XojP7Ul+4H8PRn7EdyqSDrw==

"@rollup/rollup-freebsd-x64@4.61.0":
  version "4.61.0"
  resolved "https://registry.yarnpkg.com/@rollup/rollup-freebsd-x64/-/rollup-freebsd-x64-4.61.0.tgz#33f50994184254b0e5255a7bf0b717f71f5d1ca7"
  integrity sha512-VokPN3TSctKj65cyCNPaUh4vMFA8awxOot/0sp+4J7ZlNRKQEhXhawqPwajoi8H5ZFt61i0ugZJuTKXBjGJ17Q==

"@rollup/rollup-linux-arm-gnueabihf@4.61.0":
  version "4.61.0"
  resolved "https://registry.yarnpkg.com/@rollup/rollup-linux-arm-gnueabihf/-/rollup-linux-arm-gnueabihf-4.61.0.tgz#58e7d4e8ced6c47124a08b8e8505362a66831708"
  integrity sha512-DxH0P3wxm+Yzs/p3zrk9dw1rURu8p0Nv5+MRK/L7OtnLNg5rLZraSBFZ8iUXOd9f2BlhJyEpIZUH/emjq4UJ4g==

"@rollup/rollup-linux-arm-musleabihf@4.61.0":
  version "4.61.0"
  resolved "https://registry.yarnpkg.com/@rollup/rollup-linux-arm-musleabihf/-/rollup-linux-arm-musleabihf-4.61.0.tgz#b575a01753296e7d8c6abd064e891700cab8e055"
  integrity sha512-T6ZvMNe84kAz6TBWHC7hGAoEtzP1LWYw/AqayGWEF6uISt3Abk/st06LqRD9THd7Xz3NxzurUpzAuEAUbZf+nw==

"@rollup/rollup-linux-arm64-gnu@4.61.0":
  version "4.61.0"
  resolved "https://registry.yarnpkg.com/@rollup/rollup-linux-arm64-gnu/-/rollup-linux-arm64-gnu-4.61.0.tgz#cf5de70bc5cbc823b0cbede8670a9d57d11b0d89"
  integrity sha512-q/4hzvQkDs8b4jIBab1pnLiiM0ayTZsN2amBFPDzuyZxjEd4wDwx0UJFYM3cOZzSf5Kw8fnWSprJzIBMkcR44Q==

"@rollup/rollup-linux-arm64-musl@4.61.0":
  version "4.61.0"
  resolved "https://registry.yarnpkg.com/@rollup/rollup-linux-arm64-musl/-/rollup-linux-arm64-musl-4.61.0.tgz#4496911458d3cf209dea2cda5e7b34212480b256"
  integrity sha512-vvYWX3akdEAY6km+9wAqFDnk6pQsbJKVnj7xawcvs/+fdlYBGp+U+Qq/lLfpIxYIZvZLHMAKD9HLdacSx/r3dw==

"@rollup/rollup-linux-loong64-gnu@4.61.0":
  version "4.61.0"
  resolved "https://registry.yarnpkg.com/@rollup/rollup-linux-loong64-gnu/-/rollup-linux-loong64-gnu-4.61.0.tgz#dfacc7f16caff327bcc39d879295532cf378cf6a"
  integrity sha512-DePa5cqOxDP/Zp0VOXpeWaGew5iIv5DXp9NYbzkX5PFQyWVX9184WCTh3hvr/7lhXo8ZVlbFLkz8+o/q1dU6gA==

"@rollup/rollup-linux-loong64-musl@4.61.0":
  version "4.61.0"
  resolved "https://registry.yarnpkg.com/@rollup/rollup-linux-loong64-musl/-/rollup-linux-loong64-musl-4.61.0.tgz#70499ef68f7dff6d2c3f81d9f3f204fa82d76f1c"
  integrity sha512-LV8aWMB8UChglMCEzs7RkN0GsH29RJaLLqwm9fCIjlqwxQTiWAqNcc7wjBkH31hV0PU/yVxGYvrYsgfea2qw6g==

"@rollup/rollup-linux-ppc64-gnu@4.61.0":
  version "4.61.0"
  resolved "https://registry.yarnpkg.com/@rollup/rollup-linux-ppc64-gnu/-/rollup-linux-ppc64-gnu-4.61.0.tgz#55862e0a1d1e7c0cc6b492941d1774b087228361"
  integrity sha512-QoNSnwQtaeNu5grdBbsL0tt1uyl5EnS8DA8Mr3nluMXbhdQNyhN+G4tBax7VCdxLKj8YJ0/4OO9Ho84jMnJtKA==

"@rollup/rollup-linux-ppc64-musl@4.61.0":
  version "4.61.0"
  resolved "https://registry.yarnpkg.com/@rollup/rollup-linux-ppc64-musl/-/rollup-linux-ppc64-musl-4.61.0.tgz#7ecc78fa72f948174d576ff45902319c96f1305d"
  integrity sha512-/zZp5MKapIIApE8trN8qLGNSiRN9TUoaUZ1cmVu4XnVdd5LQLOXTtyi+vtfUbNnT3iyjzpPqYeKXmvJ+gJGYWw==

"@rollup/rollup-linux-riscv64-gnu@4.61.0":
  version "4.61.0"
  resolved "https://registry.yarnpkg.com/@rollup/rollup-linux-riscv64-gnu/-/rollup-linux-riscv64-gnu-4.61.0.tgz#419c89109979b487f716cb39e091b872c1cc006e"
  integrity sha512-RbrzcD3aJ1k3UbtMRRBNwojdVVyXjuVAFTfn/xPa6EEl6GE9Sm/akPgFTb9aAC9pMKGJ6CtWxaGrqWcabH+ySg==

"@rollup/rollup-linux-riscv64-musl@4.61.0":
  version "4.61.0"
  resolved "https://registry.yarnpkg.com/@rollup/rollup-linux-riscv64-musl/-/rollup-linux-riscv64-musl-4.61.0.tgz#6a62ebc09cffda372e8547c92c4c90ff01fdc9b1"
  integrity sha512-ZF+onDsBso8PJf1XaG9lB+O9RnBpKGnY6OrzC4CSHrtC1jb6jWLTKK4bRqdoCXHd22gyr2hiYmEAm8Wns/BOCw==

"@rollup/rollup-linux-s390x-gnu@4.61.0":
  version "4.61.0"
  resolved "https://registry.yarnpkg.com/@rollup/rollup-linux-s390x-gnu/-/rollup-linux-s390x-gnu-4.61.0.tgz#d8dde03f3ebf969f4e8a395e19fa6e4f4c3a5479"
  integrity sha512-Atk0aSIk5Zx2Wuh9dgRQgLP0Koc8hOeYpbWryMXyk8G8/HmPkwPPkMqIIDhrXHHYqfUzSJA/I7IWSBv8xSmRBA==

"@rollup/rollup-linux-x64-gnu@4.61.0":
  version "4.61.0"
  resolved "https://registry.yarnpkg.com/@rollup/rollup-linux-x64-gnu/-/rollup-linux-x64-gnu-4.61.0.tgz#39ca1c0921780fbbc3978b206c0c74dd92c9b117"
  integrity sha512-0uMOcf3eZ5K+K4cYHkdxShFMPlPXCOdfDFEFn9dNYAEEd2cVvmOfH7zFgRVoDgmtQ1m9k5q7qfrHzyMAubKYUA==

"@rollup/rollup-linux-x64-musl@4.61.0":
  version "4.61.0"
  resolved "https://registry.yarnpkg.com/@rollup/rollup-linux-x64-musl/-/rollup-linux-x64-musl-4.61.0.tgz#62df9a46eb713a8ab9c7a2b08ab16416fb6929e7"
  integrity sha512-mvFtE4A/t/7hRJ7X8Ozmu8FsIkAUat2nzl12pgU337BRmq87AQUJztwHz2Zv5/tjo9/C95E66CK03SI/ToEDJw==

"@rollup/rollup-openbsd-x64@4.61.0":
  version "4.61.0"
  resolved "https://registry.yarnpkg.com/@rollup/rollup-openbsd-x64/-/rollup-openbsd-x64-4.61.0.tgz#89222507dd71e7e7561bc4f0613a22b63e798cff"
  integrity sha512-z9b9+aTxvt8n2rNltMPvyaUfB8NJ+CVyOrGK/MdIKHx7B+lXmZpm/XbRsU7Rpf3fRqJ2uS6mBJiJveCtq8LHDg==

"@rollup/rollup-openharmony-arm64@4.61.0":
  version "4.61.0"
  resolved "https://registry.yarnpkg.com/@rollup/rollup-openharmony-arm64/-/rollup-openharmony-arm64-4.61.0.tgz#0cd26688fef998c2bf0eb320a24d3b4a757f8ed8"
  integrity sha512-jXaXFqKMehsOc+g8R6oo33RRC6w07G9jDBxAE5eAKX7mOcCbZloYIPNhfG9Wl+P9O9IWHFO4OJgPi1Ml2qkt7w==

"@rollup/rollup-win32-arm64-msvc@4.61.0":
  version "4.61.0"
  resolved "https://registry.yarnpkg.com/@rollup/rollup-win32-arm64-msvc/-/rollup-win32-arm64-msvc-4.61.0.tgz#bf60767e016c15afb08924fe5168e638c99b53b5"
  integrity sha512-OXNWVFocS2IA4+QplhTZZ2a+8hPZR7T8KuozsNmJKK8y7cp83StHvGksfHzPG3wczWTczyWHVQuqeiTUbjiyBg==

"@rollup/rollup-win32-ia32-msvc@4.61.0":
  version "4.61.0"
  resolved "https://registry.yarnpkg.com/@rollup/rollup-win32-ia32-msvc/-/rollup-win32-ia32-msvc-4.61.0.tgz#215270f214886109cbf35ed81e966b27bff99e47"
  integrity sha512-AlAbNtBO637LxSldqV43z0FfXoGfl2TW1DgAg/bs7aQswFbDewz2SJm3BUhiGfbOVtW571xbc9p+REdxhyN/Eg==

"@rollup/rollup-win32-x64-gnu@4.61.0":
  version "4.61.0"
  resolved "https://registry.yarnpkg.com/@rollup/rollup-win32-x64-gnu/-/rollup-win32-x64-gnu-4.61.0.tgz#5c09f4f79c8c082b6be817307b2263eadad9f2a7"
  integrity sha512-QRSrQXyJ1M4tjNXdR0/G/IgV6lzfQQJYBjlWIEYkY2Xs86DRl/iEpQ4blMDjJxSl7n19eDKKXMg0AmuBVYy8pQ==

"@rollup/rollup-win32-x64-msvc@4.61.0":
  version "4.61.0"
  resolved "https://registry.yarnpkg.com/@rollup/rollup-win32-x64-msvc/-/rollup-win32-x64-msvc-4.61.0.tgz#f8e95dd237f7acc53a2d0fc35926f1c36489e274"
  integrity sha512-tkuFxhvKO/HlGd0VsINF6vHSYH8AF8W0TcNxKDK6JZmrehngFj78pToc8iemtnvwilDjs2G/qSzYFhe9U8q+fw==

"@types/estree@1.0.9":
  version "1.0.9"
  resolved "https://registry.yarnpkg.com/@types/estree/-/estree-1.0.9.tgz#cf3f0e876d7bee15a93ab925b82bf570a3904a24"
  integrity sha512-GhdPgy1el4/ImP05X05Uw4cw2/M93BCUmnEvWZNStlCzEKME4Fkk+YpoA5OiHNQmoS7Cafb8Xa3Pya8m1Qrzeg==

esbuild@^0.21.3:
  version "0.21.5"
  resolved "https://registry.yarnpkg.com/esbuild/-/esbuild-0.21.5.tgz#9ca301b120922959b766360d8ac830da0d02997d"
  integrity sha512-mg3OPMV4hXywwpoDxu3Qda5xCKQi+vCTZq8S9J/EpkhB2HzKXq4SNFZE3+NK93JYxc8VMSep+lOUSC/RVKaBqw==
  optionalDependencies:
    "@esbuild/aix-ppc64" "0.21.5"
    "@esbuild/android-arm" "0.21.5"
    "@esbuild/android-arm64" "0.21.5"
    "@esbuild/android-x64" "0.21.5"
    "@esbuild/darwin-arm64" "0.21.5"
    "@esbuild/darwin-x64" "0.21.5"
    "@esbuild/freebsd-arm64" "0.21.5"
    "@esbuild/freebsd-x64" "0.21.5"
    "@esbuild/linux-arm" "0.21.5"
    "@esbuild/linux-arm64" "0.21.5"
    "@esbuild/linux-ia32" "0.21.5"
    "@esbuild/linux-loong64" "0.21.5"
    "@esbuild/linux-mips64el" "0.21.5"
    "@esbuild/linux-ppc64" "0.21.5"
    "@esbuild/linux-riscv64" "0.21.5"
    "@esbuild/linux-s390x" "0.21.5"
    "@esbuild/linux-x64" "0.21.5"
    "@esbuild/netbsd-x64" "0.21.5"
    "@esbuild/openbsd-x64" "0.21.5"
    "@esbuild/sunos-x64" "0.21.5"
    "@esbuild/win32-arm64" "0.21.5"
    "@esbuild/win32-ia32" "0.21.5"
    "@esbuild/win32-x64" "0.21.5"

fsevents@~2.3.2, fsevents@~2.3.3:
  version "2.3.3"
  resolved "https://registry.yarnpkg.com/fsevents/-/fsevents-2.3.3.tgz#cac6407785d03675a2a5e1a5305c697b347d90d6"
  integrity sha512-5xoDfX+fL7faATnagmWPpbFtwh/R77WmMMqqHGS65C3vvB0YHrgF+B1YmZ3441tMj5n63k0212XNoJwzlhffQw==

nanoid@^3.3.12:
  version "3.3.12"
  resolved "https://registry.yarnpkg.com/nanoid/-/nanoid-3.3.12.tgz#ab3d912e217a6d0a514f00a72a16543a28982c05"
  integrity sha512-ZB9RH/39qpq5Vu6Y+NmUaFhQR6pp+M2Xt76XBnEwDaGcVAqhlvxrl3B2bKS5D3NH3QR76v3aSrKaF/Kiy7lEtQ==

picocolors@^1.1.1:
  version "1.1.1"
  resolved "https://registry.yarnpkg.com/picocolors/-/picocolors-1.1.1.tgz#3d321af3eab939b083c8f929a1d12cda81c26b6b"
  integrity sha512-xceH2snhtb5M9liqDsmEw56le376mTZkEX/jEb/RxNFyegNul7eNslCXP9FDj/Lcu0X8KEyMceP2ntpaHrDEVA==

postcss@^8.4.43:
  version "8.5.15"
  resolved "https://registry.yarnpkg.com/postcss/-/postcss-8.5.15.tgz#d1eaf677a324e9ec02196da2d3fecf4a0b9a735c"
  integrity sha512-FfR8sjd4em2T6fb3I2MwAJU7HWVMr9zba+enmQeeWFfCbm+UOC/0X4DS8XtpUTMwWMGbjKYP7xjfNekzyGmB3A==
  dependencies:
    nanoid "^3.3.12"
    picocolors "^1.1.1"
    source-map-js "^1.2.1"

rollup@^4.20.0:
  version "4.61.0"
  resolved "https://registry.yarnpkg.com/rollup/-/rollup-4.61.0.tgz#92f4958afd4a6f56e6d8f90213aafb80a32d8f2c"
  integrity sha512-T9mWdbWfQtp0B5lv/HX+wrhYsmXRlcWnXXmJbXqKJhlRaoS6KMhq0gpyzW4UJfclcxrEdLnTgjT2NjruLONu0g==
  dependencies:
    "@types/estree" "1.0.9"
  optionalDependencies:
    "@rollup/rollup-android-arm-eabi" "4.61.0"
    "@rollup/rollup-android-arm64" "4.61.0"
    "@rollup/rollup-darwin-arm64" "4.61.0"
    "@rollup/rollup-darwin-x64" "4.61.0"
    "@rollup/rollup-freebsd-arm64" "4.61.0"
    "@rollup/rollup-freebsd-x64" "4.61.0"
    "@rollup/rollup-linux-arm-gnueabihf" "4.61.0"
    "@rollup/rollup-linux-arm-musleabihf" "4.61.0"
    "@rollup/rollup-linux-arm64-gnu" "4.61.0"
    "@rollup/rollup-linux-arm64-musl" "4.61.0"
    "@rollup/rollup-linux-loong64-gnu" "4.61.0"
    "@rollup/rollup-linux-loong64-musl" "4.61.0"
    "@rollup/rollup-linux-ppc64-gnu" "4.61.0"
    "@rollup/rollup-linux-ppc64-musl" "4.61.0"
    "@rollup/rollup-linux-riscv64-gnu" "4.61.0"
    "@rollup/rollup-linux-riscv64-musl" "4.61.0"
    "@rollup/rollup-linux-s390x-gnu" "4.61.0"
    "@rollup/rollup-linux-x64-gnu" "4.61.0"
    "@rollup/rollup-linux-x64-musl" "4.61.0"
    "@rollup/rollup-openbsd-x64" "4.61.0"
    "@rollup/rollup-openharmony-arm64" "4.61.0"
    "@rollup/rollup-win32-arm64-msvc" "4.61.0"
    "@rollup/rollup-win32-ia32-msvc" "4.61.0"
    "@rollup/rollup-win32-x64-gnu" "4.61.0"
    "@rollup/rollup-win32-x64-msvc" "4.61.0"
    fsevents "~2.3.2"

source-map-js@^1.2.1:
  version "1.2.1"
  resolved "https://registry.yarnpkg.com/source-map-js/-/source-map-js-1.2.1.tgz#1ce5650fddd87abc099eda37dcff024c2667ae46"
  integrity sha512-UXWMKhLOwVKb728IUtQPXxfYU+usdybtUrK/8uGE8CQMvrhOpwvzDBwj0QhSL7MQc7vIsISBG8VQ8+IDQxpfQA==

three@^0.184.0:
  version "0.184.0"
  resolved "https://registry.yarnpkg.com/three/-/three-0.184.0.tgz#5bca0a3851eea5345e4c205567b40dfa49b791b5"
  integrity sha512-wtTRjG92pM5eUg/KuUnHsqSAlPM296brTOcLgMRqEeylYTh/CdtvKUvCyyCQTzFuStieWxvZb8mVTMvdPyUpxg==

vite@^5.3.0:
  version "5.4.21"
  resolved "https://registry.yarnpkg.com/vite/-/vite-5.4.21.tgz#84a4f7c5d860b071676d39ba513c0d598fdc7027"
  integrity sha512-o5a9xKjbtuhY6Bi5S3+HvbRERmouabWbyUcpXXUA1u+GNUKoROi9byOJ8M0nHbHYHkYICiMlqxkg1KkYmm25Sw==
  dependencies:
    esbuild "^0.21.3"
    postcss "^8.4.43"
    rollup "^4.20.0"
  optionalDependencies:
    fsevents "~2.3.3"
